
Microsoft Visual Studio Solution File, Format Version 12.00
# Visual Studio Version 17
VisualStudioVersion = 17.3.32929.385
MinimumVisualStudioVersion = 10.0.40219.1
Project("{FAE04EC0-301F-11D3-BF4B-00C04F79EFBC}") = "QuestionsWebApp", "QuestionsWebApp.csproj", "{39A7B12C-740C-44A0-BAA2-7495D9524E60}"
EndProject
Global
	GlobalSection(SolutionConfigurationPlatforms) = preSolution
		Debug|Any CPU = Debug|Any CPU
		Release|Any CPU = Release|Any CPU
	EndGlobalSection
	GlobalSection(ProjectConfigurationPlatforms) = postSolution
		{39A7B12C-740C-44A0-BAA2-7495D9524E60}.Debug|Any CPU.ActiveCfg = Debug|Any CPU
		{39A7B12C-740C-44A0-BAA2-7495D9524E60}.Debug|Any CPU.Build.0 = Debug|Any CPU
		{39A7B12C-740C-44A0-BAA2-7495D9524E60}.Release|Any CPU.ActiveCfg = Release|Any CPU
		{39A7B12C-740C-44A0-BAA2-7495D9524E60}.Release|Any CPU.Build.0 = Release|Any CPU
	EndGlobalSection
	GlobalSection(SolutionProperties) = preSolution
		HideSolutionNode = FALSE
	EndGlobalSection
	GlobalSection(ExtensibilityGlobals) = postSolution
		SolutionGuid = {E416A181-7088-42C8-9B7C-E67F1321FE2D}
	EndGlobalSection
EndGlobal
